// !$*UTF8*$!
{
	archiveVersion = 1;
	classes = {
	};
	objectVersion = 46;
	objects = {

/* Begin PBXBuildFile section */
		276316DE1A28619E000BA05E /* AppDelegate.m in Sources */ = {isa = PBXBuildFile; fileRef = 276316DD1A28619E000BA05E /* AppDelegate.m */; };
		276316E01A28619E000BA05E /* main.m in Sources */ = {isa = PBXBuildFile; fileRef = 276316DF1A28619E000BA05E /* main.m */; };
		276316E31A28619E000BA05E /* ViewController.m in Sources */ = {isa = PBXBuildFile; fileRef = 276316E21A28619E000BA05E /* ViewController.m */; };
		276316E61A28619E000BA05E /* Document.m in Sources */ = {isa = PBXBuildFile; fileRef = 276316E51A28619E000BA05E /* Document.m */; };
		276316E81A28619E000BA05E /* Images.xcassets in Resources */ = {isa = PBXBuildFile; fileRef = 276316E71A28619E000BA05E /* Images.xcassets */; };
		276316EB1A28619E000BA05E /* Main.storyboard in Resources */ = {isa = PBXBuildFile; fileRef = 276316E91A28619E000BA05E /* Main.storyboard */; };
		276316F71A28619E000BA05E /* _1_TahDoodleTests.m in Sources */ = {isa = PBXBuildFile; fileRef = 276316F61A28619E000BA05E /* _1_TahDoodleTests.m */; };
/* End PBXBuildFile section */

/* Begin PBXContainerItemProxy section */
		276316F11A28619E000BA05E /* PBXContainerItemProxy */ = {
			isa = PBXContainerItemProxy;
			containerPortal = 276316CF1A28619E000BA05E /* Project object */;
			proxyType = 1;
			remoteGlobalIDString = 276316D61A28619E000BA05E;
			remoteInfo = 11.TahDoodle;
		};
/* End PBXContainerItemProxy section */

/* Begin PBXFileReference section */
		276316D71A28619E000BA05E /* 11.TahDoodle.app */ = {isa = PBXFileReference; explicitFileType = wrapper.application; includeInIndex = 0; path = 11.TahDoodle.app; sourceTree = BUILT_PRODUCTS_DIR; };
		276316DB1A28619E000BA05E /* Info.plist */ = {isa = PBXFileReference; lastKnownFileType = text.plist.xml; path = Info.plist; sourceTree = "<group>"; };
		276316DC1A28619E000BA05E /* AppDelegate.h */ = {isa = PBXFileReference; lastKnownFileType = sourcecode.c.h; path = AppDelegate.h; sourceTree = "<group>"; };
		276316DD1A28619E000BA05E /* AppDelegate.m */ = {isa = PBXFileReference; lastKnownFileType = sourcecode.c.objc; path = AppDelegate.m; sourceTree = "<group>"; };
		276316DF1A28619E000BA05E /* main.m */ = {isa = PBXFileReference; lastKnownFileType = sourcecode.c.objc; path = main.m; sourceTree = "<group>"; };
		276316E11A28619E000BA05E /* ViewController.h */ = {isa = PBXFileReference; lastKnownFileType = sourcecode.c.h; path = ViewController.h; sourceTree = "<group>"; };
		276316E21A28619E000BA05E /* ViewController.m */ = {isa = PBXFileReference; lastKnownFileType = sourcecode.c.objc; path = ViewController.m; sourceTree = "<group>"; };
		276316E41A28619E000BA05E /* Document.h */ = {isa = PBXFileReference; lastKnownFileType = sourcecode.c.h; path = Document.h; sourceTree = "<group>"; };
		276316E51A28619E000BA05E /* Document.m */ = {isa = PBXFileReference; lastKnownFileType = sourcecode.c.objc; path = Document.m; sourceTree = "<group>"; };
		276316E71A28619E000BA05E /* Images.xcassets */ = {isa = PBXFileReference; lastKnownFileType = folder.assetcatalog; path = Images.xcassets; sourceTree = "<group>"; };
		276316EA1A28619E000BA05E /* Base */ = {isa = PBXFileReference; lastKnownFileType = file.storyboard; name = Base; path = Base.lproj/Main.storyboard; sourceTree = "<group>"; };
		276316F01A28619E000BA05E /* 11.TahDoodleTests.xctest */ = {isa = PBXFileReference; explicitFileType = wrapper.cfbundle; includeInIndex = 0; path = 11.TahDoodleTests.xctest; sourceTree = BUILT_PRODUCTS_DIR; };
		276316F51A28619E000BA05E /* Info.plist */ = {isa = PBXFileReference; lastKnownFileType = text.plist.xml; path = Info.plist; sourceTree = "<group>"; };
		276316F61A28619E000BA05E /* _1_TahDoodleTests.m */ = {isa = PBXFileReference; lastKnownFileType = sourcecode.c.objc; path = _1_TahDoodleTests.m; sourceTree = "<group>"; };
/* End PBXFileReference section */

/* Begin PBXFrameworksBuildPhase section */
		276316D41A28619E000BA05E /* Frameworks */ = {
			isa = PBXFrameworksBuildPhase;
			buildActionMask = 2147483647;
			files = (
			);
			runOnlyForDeploymentPostprocessing = 0;
		};
		276316ED1A28619E000BA05E /* Frameworks */ = {
			isa = PBXFrameworksBuildPhase;
			buildActionMask = 2147483647;
			files = (
			);
			runOnlyForDeploymentPostprocessing = 0;
		};
/* End PBXFrameworksBuildPhase section */

/* Begin PBXGroup section */
		276316CE1A28619E000BA05E = {
			isa = PBXGroup;
			children = (
				276316D91A28619E000BA05E /* 11.TahDoodle */,
				276316F31A28619E000BA05E /* 11.TahDoodleTests */,
				276316D81A28619E000BA05E /* Products */,
			);
			sourceTree = "<group>";
		};
		276316D81A28619E000BA05E /* Products */ = {
			isa = PBXGroup;
			children = (
				276316D71A28619E000BA05E /* 11.TahDoodle.app */,
				276316F01A28619E000BA05E /* 11.TahDoodleTests.xctest */,
			);
			name = Products;
			sourceTree = "<group>";
		};
		276316D91A28619E000BA05E /* 11.TahDoodle */ = {
			isa = PBXGroup;
			children = (
				276316DC1A28619E000BA05E /* AppDelegate.h */,
				276316DD1A28619E000BA05E /* AppDelegate.m */,
				276316E11A28619E000BA05E /* ViewController.h */,
				276316E21A28619E000BA05E /* ViewController.m */,
				276316E41A28619E000BA05E /* Document.h */,
				276316E51A28619E000BA05E /* Document.m */,
				276316E71A28619E000BA05E /* Images.xcassets */,
				276316E91A28619E000BA05E /* Main.storyboard */,
				276316DA1A28619E000BA05E /* Supporting Files */,
			);
			path = 11.TahDoodle;
			sourceTree = "<group>";
		};
		276316DA1A28619E000BA05E /* Supporting Files */ = {
			isa = PBXGroup;
			children = (
				276316DB1A28619E000BA05E /* Info.plist */,
				276316DF1A28619E000BA05E /* main.m */,
			);
			name = "Supporting Files";
			sourceTree = "<group>";
		};
		276316F31A28619E000BA05E /* 11.TahDoodleTests */ = {
			isa = PBXGroup;
			children = (
				276316F61A28619E000BA05E /* _1_TahDoodleTests.m */,
				276316F41A28619E000BA05E /* Supporting Files */,
			);
			path = 11.TahDoodleTests;
			sourceTree = "<group>";
		};
		276316F41A28619E000BA05E /* Supporting Files */ = {
			isa = PBXGroup;
			children = (
				276316F51A28619E000BA05E /* Info.plist */,
			);
			name = "Supporting Files";
			sourceTree = "<group>";
		};
/* End PBXGroup section */

/* Begin PBXNativeTarget section */
		276316D61A28619E000BA05E /* 11.TahDoodle */ = {
			isa = PBXNativeTarget;
			buildConfigurationList = 276316FA1A28619E000BA05E /* Build configuration list for PBXNativeTarget "11.TahDoodle" */;
			buildPhases = (
				276316D31A28619E000BA05E /* Sources */,
				276316D41A28619E000BA05E /* Frameworks */,
				276316D51A28619E000BA05E /* Resources */,
			);
			buildRules = (
			);
			dependencies = (
			);
			name = 11.TahDoodle;
			productName = 11.TahDoodle;
			productReference = 276316D71A28619E000BA05E /* 11.TahDoodle.app */;
			productType = "com.apple.product-type.application";
		};
		276316EF1A28619E000BA05E /* 11.TahDoodleTests */ = {
			isa = PBXNativeTarget;
			buildConfigurationList = 276316FD1A28619E000BA05E /* Build configuration list for PBXNativeTarget "11.TahDoodleTests" */;
			buildPhases = (
				276316EC1A28619E000BA05E /* Sources */,
				276316ED1A28619E000BA05E /* Frameworks */,
				276316EE1A28619E000BA05E /* Resources */,
			);
			buildRules = (
			);
			dependencies = (
				276316F21A28619E000BA05E /* PBXTargetDependency */,
			);
			name = 11.TahDoodleTests;
			productName = 11.TahDoodleTests;
			productReference = 276316F01A28619E000BA05E /* 11.TahDoodleTests.xctest */;
			productType = "com.apple.product-type.bundle.unit-test";
		};
/* End PBXNativeTarget section */

/* Begin PBXProject section */
		276316CF1A28619E000BA05E /* Project object */ = {
			isa = PBXProject;
			attributes = {
				LastUpgradeCheck = 0610;
				ORGANIZATIONNAME = "Martin Kotrulev";
				TargetAttributes = {
					276316D61A28619E000BA05E = {
						CreatedOnToolsVersion = 6.1;
					};
					276316EF1A28619E000BA05E = {
						CreatedOnToolsVersion = 6.1;
						TestTargetID = 276316D61A28619E000BA05E;
					};
				};
			};
			buildConfigurationList = 276316D21A28619E000BA05E /* Build configuration list for PBXProject "11.TahDoodle" */;
			compatibilityVersion = "Xcode 3.2";
			developmentRegion = English;
			hasScannedForEncodings = 0;
			knownRegions = (
				en,
				Base,
			);
			mainGroup = 276316CE1A28619E000BA05E;
			productRefGroup = 276316D81A28619E000BA05E /* Products */;
			projectDirPath = "";
			projectRoot = "";
			targets = (
				276316D61A28619E000BA05E /* 11.TahDoodle */,
				276316EF1A28619E000BA05E /* 11.TahDoodleTests */,
			);
		};
/* End PBXProject section */

/* Begin PBXResourcesBuildPhase section */
		276316D51A28619E000BA05E /* Resources */ = {
			isa = PBXResourcesBuildPhase;
			buildActionMask = 2147483647;
			files = (
				276316E81A28619E000BA05E /* Images.xcassets in Resources */,
				276316EB1A28619E000BA05E /* Main.storyboard in Resources */,
			);
			runOnlyForDeploymentPostprocessing = 0;
		};
		276316EE1A28619E000BA05E /* Resources */ = {
			isa = PBXResourcesBuildPhase;
			buildActionMask = 2147483647;
			files = (
			);
			runOnlyForDeploymentPostprocessing = 0;
		};
/* End PBXResourcesBuildPhase section */

/* Begin PBXSourcesBuildPhase section */
		276316D31A28619E000BA05E /* Sources */ = {
			isa = PBXSourcesBuildPhase;
			buildActionMask = 2147483647;
			files = (
				276316E61A28619E000BA05E /* Document.m in Sources */,
				276316E31A28619E000BA05E /* ViewController.m in Sources */,
				276316E01A28619E000BA05E /* main.m in Sources */,
				276316DE1A28619E000BA05E /* AppDelegate.m in Sources */,
			);
			runOnlyForDeploymentPostprocessing = 0;
		};
		276316EC1A28619E000BA05E /* Sources */ = {
			isa = PBXSourcesBuildPhase;
			buildActionMask = 2147483647;
			files = (
				276316F71A28619E000BA05E /* _1_TahDoodleTests.m in Sources */,
			);
			runOnlyForDeploymentPostprocessing = 0;
		};
/* End PBXSourcesBuildPhase section */

/* Begin PBXTargetDependency section */
		276316F21A28619E000BA05E /* PBXTargetDependency */ = {
			isa = PBXTargetDependency;
			target = 276316D61A28619E000BA05E /* 11.TahDoodle */;
			targetProxy = 276316F11A28619E000BA05E /* PBXContainerItemProxy */;
		};
/* End PBXTargetDependency section */

/* Begin PBXVariantGroup section */
		276316E91A28619E000BA05E /* Main.storyboard */ = {
			isa = PBXVariantGroup;
			children = (
				276316EA1A28619E000BA05E /* Base */,
			);
			name = Main.storyboard;
			sourceTree = "<group>";
		};
/* End PBXVariantGroup section */

/* Begin XCBuildConfiguration section */
		276316F81A28619E000BA05E /* Debug */ = {
			isa = XCBuildConfiguration;
			buildSettings = {
				ALWAYS_SEARCH_USER_PATHS = NO;
				CLANG_CXX_LANGUAGE_STANDARD = "gnu++0x";
				CLANG_CXX_LIBRARY = "libc++";
				CLANG_ENABLE_MODULES = YES;
				CLANG_ENABLE_OBJC_ARC = YES;
				CLANG_WARN_BOOL_CONVERSION = YES;
				CLANG_WARN_CONSTANT_CONVERSION = YES;
				CLANG_WARN_DIRECT_OBJC_ISA_USAGE = YES_ERROR;
				CLANG_WARN_EMPTY_BODY = YES;
				CLANG_WARN_ENUM_CONVERSION = YES;
				CLANG_WARN_INT_CONVERSION = YES;
				CLANG_WARN_OBJC_ROOT_CLASS = YES_ERROR;
				CLANG_WARN_UNREACHABLE_CODE = YES;
				CLANG_WARN__DUPLICATE_METHOD_MATCH = YES;
				CODE_SIGN_IDENTITY = "-";
				COPY_PHASE_STRIP = NO;
				ENABLE_STRICT_OBJC_MSGSEND = YES;
				GCC_C_LANGUAGE_STANDARD = gnu99;
				GCC_DYNAMIC_NO_PIC = NO;
				GCC_OPTIMIZATION_LEVEL = 0;
				GCC_PREPROCESSOR_DEFINITIONS = (
					"DEBUG=1",
					"$(inherited)",
				);
				GCC_SYMBOLS_PRIVATE_EXTERN = NO;
				GCC_WARN_64_TO_32_BIT_CONVERSION = YES;
				GCC_WARN_ABOUT_RETURN_TYPE = YES_ERROR;
				GCC_WARN_UNDECLARED_SELECTOR = YES;
				GCC_WARN_UNINITIALIZED_AUTOS = YES_AGGRESSIVE;
				GCC_WARN_UNUSED_FUNCTION = YES;
				GCC_WARN_UNUSED_VARIABLE = YES;
				MACOSX_DEPLOYMENT_TARGET = 10.10;
				MTL_ENABLE_DEBUG_INFO = YES;
				ONLY_ACTIVE_ARCH = YES;
				SDKROOT = macosx;
			};
			name = Debug;
		};
		276316F91A28619E000BA05E /* Release */ = {
			isa = XCBuildConfiguration;
			buildSettings = {
				ALWAYS_SEARCH_USER_PATHS = NO;
				CLANG_CXX_LANGUAGE_STANDARD = "gnu++0x";
				CLANG_CXX_LIBRARY = "libc++";
				CLANG_ENABLE_MODULES = YES;
				CLANG_ENABLE_OBJC_ARC = YES;
				CLANG_WARN_BOOL_CONVERSION = YES;
				CLANG_WARN_CONSTANT_CONVERSION = YES;
				CLANG_WARN_DIRECT_OBJC_ISA_USAGE = YES_ERROR;
				CLANG_WARN_EMPTY_BODY = YES;
				CLANG_WARN_ENUM_CONVERSION = YES;
				CLANG_WARN_INT_CONVERSION = YES;
				CLANG_WARN_OBJC_ROOT_CLASS = YES_ERROR;
				CLANG_WARN_UNREACHABLE_CODE = YES;
				CLANG_WARN__DUPLICATE_METHOD_MATCH = YES;
				CODE_SIGN_IDENTITY = "-";
				COPY_PHASE_STRIP = YES;
				DEBUG_INFORMATION_FORMAT = "dwarf-with-dsym";
				ENABLE_NS_ASSERTIONS = NO;
				ENABLE_STRICT_OBJC_MSGSEND = YES;
				GCC_C_LANGUAGE_STANDARD = gnu99;
				GCC_WARN_64_TO_32_BIT_CONVERSION = YES;
				GCC_WARN_ABOUT_RETURN_TYPE = YES_ERROR;
				GCC_WARN_UNDECLARED_SELECTOR = YES;
				GCC_WARN_UNINITIALIZED_AUTOS = YES_AGGRESSIVE;
				GCC_WARN_UNUSED_FUNCTION = YES;
				GCC_WARN_UNUSED_VARIABLE = YES;
				MACOSX_DEPLOYMENT_TARGET = 10.10;
				MTL_ENABLE_DEBUG_INFO = NO;
				SDKROOT = macosx;
			};
			name = Release;
		};
		276316FB1A28619E000BA05E /* Debug */ = {
			isa = XCBuildConfiguration;
			buildSettings = {
				ASSETCATALOG_COMPILER_APPICON_NAME = AppIcon;
				COMBINE_HIDPI_IMAGES = YES;
				INFOPLIST_FILE = 11.TahDoodle/Info.plist;
				LD_RUNPATH_SEARCH_PATHS = "$(inherited) @executable_path/../Frameworks";
				PRODUCT_NAME = "$(TARGET_NAME)";
			};
			name = Debug;
		};
		276316FC1A28619E000BA05E /* Release */ = {
			isa = XCBuildConfiguration;
			buildSettings = {
				ASSETCATALOG_COMPILER_APPICON_NAME = AppIcon;
				COMBINE_HIDPI_IMAGES = YES;
				INFOPLIST_FILE = 11.TahDoodle/Info.plist;
				LD_RUNPATH_SEARCH_PATHS = "$(inherited) @executable_path/../Frameworks";
				PRODUCT_NAME = "$(TARGET_NAME)";
			};
			name = Release;
		};
		276316FE1A28619E000BA05E /* Debug */ = {
			isa = XCBuildConfiguration;
			buildSettings = {
				BUNDLE_LOADER = "$(TEST_HOST)";
				COMBINE_HIDPI_IMAGES = YES;
				FRAMEWORK_SEARCH_PATHS = (
					"$(DEVELOPER_FRAMEWORKS_DIR)",
					"$(inherited)",
				);
				GCC_PREPROCESSOR_DEFINITIONS = (
					"DEBUG=1",
					"$(inherited)",
				);
				INFOPLIST_FILE = 11.TahDoodleTests/Info.plist;
				LD_RUNPATH_SEARCH_PATHS = "$(inherited) @executable_path/../Frameworks @loader_path/../Frameworks";
				PRODUCT_NAME = "$(TARGET_NAME)";
				TEST_HOST = "$(BUILT_PRODUCTS_DIR)/11.TahDoodle.app/Contents/MacOS/11.TahDoodle";
			};
			name = Debug;
		};
		276316FF1A28619E000BA05E /* Release */ = {
			isa = XCBuildConfiguration;
			buildSettings = {
				BUNDLE_LOADER = "$(TEST_HOST)";
				COMBINE_HIDPI_IMAGES = YES;
				FRAMEWORK_SEARCH_PATHS = (
					"$(DEVELOPER_FRAMEWORKS_DIR)",
					"$(inherited)",
				);
				INFOPLIST_FILE = 11.TahDoodleTests/Info.plist;
				LD_RUNPATH_SEARCH_PATHS = "$(inherited) @executable_path/../Frameworks @loader_path/../Frameworks";
				PRODUCT_NAME = "$(TARGET_NAME)";
				TEST_HOST = "$(BUILT_PRODUCTS_DIR)/11.TahDoodle.app/Contents/MacOS/11.TahDoodle";
			};
			name = Release;
		};
/* End XCBuildConfiguration section */

/* Begin XCConfigurationList section */
		276316D21A28619E000BA05E /* Build configuration list for PBXProject "11.TahDoodle" */ = {
			isa = XCConfigurationList;
			buildConfigurations = (
				276316F81A28619E000BA05E /* Debug */,
				276316F91A28619E000BA05E /* Release */,
			);
			defaultConfigurationIsVisible = 0;
			defaultConfigurationName = Release;
		};
		276316FA1A28619E000BA05E /* Build configuration list for PBXNativeTarget "11.TahDoodle" */ = {
			isa = XCConfigurationList;
			buildConfigurations = (
				276316FB1A28619E000BA05E /* Debug */,
				276316FC1A28619E000BA05E /* Release */,
			);
			defaultConfigurationIsVisible = 0;
		};
		276316FD1A28619E000BA05E /* Build configuration list for PBXNativeTarget "11.TahDoodleTests" */ = {
			isa = XCConfigurationList;
			buildConfigurations = (
				276316FE1A28619E000BA05E /* Debug */,
				276316FF1A28619E000BA05E /* Release */,
			);
			defaultConfigurationIsVisible = 0;
		};
/* End XCConfigurationList section */
	};
	rootObject = 276316CF1A28619E000BA05E /* Project object */;
}
